
Microsoft Visual Studio Solution File, Format Version 12.00
# Visual Studio 15
VisualStudioVersion = 15.0.28307.1738
MinimumVisualStudioVersion = 10.0.40219.1
Project("{FAE04EC0-301F-11D3-BF4B-00C04F79EFBC}") = "Ex05.BullsAndCowsUI", "Ex05.BullsAndCows\Ex05.BullsAndCowsUI.csproj", "{89A45AB2-FCA8-460F-9CDC-74F481316FFB}"
EndProject
Project("{FAE04EC0-301F-11D3-BF4B-00C04F79EFBC}") = "Ex05.BullsAndCowsLogic", "Ex05.BullsAndCowsLogic\Ex05.BullsAndCowsLogic.csproj", "{7463A237-A90E-4269-B01D-B486302BF2F9}"
EndProject
Global
	GlobalSection(SolutionConfigurationPlatforms) = preSolution
		Debug|Any CPU = Debug|Any CPU
		Release|Any CPU = Release|Any CPU
	EndGlobalSection
	GlobalSection(ProjectConfigurationPlatforms) = postSolution
		{89A45AB2-FCA8-460F-9CDC-74F481316FFB}.Debug|Any CPU.ActiveCfg = Debug|Any CPU
		{89A45AB2-FCA8-460F-9CDC-74F481316FFB}.Debug|Any CPU.Build.0 = Debug|Any CPU
		{89A45AB2-FCA8-460F-9CDC-74F481316FFB}.Release|Any CPU.ActiveCfg = Release|Any CPU
		{89A45AB2-FCA8-460F-9CDC-74F481316FFB}.Release|Any CPU.Build.0 = Release|Any CPU
		{7463A237-A90E-4269-B01D-B486302BF2F9}.Debug|Any CPU.ActiveCfg = Debug|Any CPU
		{7463A237-A90E-4269-B01D-B486302BF2F9}.Debug|Any CPU.Build.0 = Debug|Any CPU
		{7463A237-A90E-4269-B01D-B486302BF2F9}.Release|Any CPU.ActiveCfg = Release|Any CPU
		{7463A237-A90E-4269-B01D-B486302BF2F9}.Release|Any CPU.Build.0 = Release|Any CPU
	EndGlobalSection
	GlobalSection(SolutionProperties) = preSolution
		HideSolutionNode = FALSE
	EndGlobalSection
	GlobalSection(ExtensibilityGlobals) = postSolution
		SolutionGuid = {539BE37B-F89F-4B18-BBA5-6E88902AFA6C}
	EndGlobalSection
EndGlobal
